
Microsoft Visual Studio Solution File, Format Version 12.00
# Visual Studio 15
VisualStudioVersion = 15.0.26430.16
MinimumVisualStudioVersion = 10.0.40219.1
Project("{FAE04EC0-301F-11D3-BF4B-00C04F79EFBC}") = "Recursion", "Recursion\Recursion.csproj", "{3F401CDD-0C40-40C8-8AE8-0E76C3BFB526}"
EndProject
Project("{FAE04EC0-301F-11D3-BF4B-00C04F79EFBC}") = "FirstTask", "FirstTask\FirstTask.csproj", "{59389455-61C2-4FD5-BCE8-7C455AF25E52}"
EndProject
Project("{FAE04EC0-301F-11D3-BF4B-00C04F79EFBC}") = "SecondTask", "SecondTask\SecondTask.csproj", "{17270085-7B40-48AE-A734-3064CBC4CE6A}"
EndProject
Project("{FAE04EC0-301F-11D3-BF4B-00C04F79EFBC}") = "ThirdTask", "ThirdTask\ThirdTask.csproj", "{24B66158-6C22-4356-A3F0-3F05A9000D00}"
EndProject
Project("{FAE04EC0-301F-11D3-BF4B-00C04F79EFBC}") = "FourthTask", "FourthTask\FourthTask.csproj", "{99C9535E-D541-41C4-9A9E-5DA168A1568F}"
EndProject
Global
	GlobalSection(SolutionConfigurationPlatforms) = preSolution
		Debug|Any CPU = Debug|Any CPU
		Release|Any CPU = Release|Any CPU
	EndGlobalSection
	GlobalSection(ProjectConfigurationPlatforms) = postSolution
		{3F401CDD-0C40-40C8-8AE8-0E76C3BFB526}.Debug|Any CPU.ActiveCfg = Debug|Any CPU
		{3F401CDD-0C40-40C8-8AE8-0E76C3BFB526}.Debug|Any CPU.Build.0 = Debug|Any CPU
		{3F401CDD-0C40-40C8-8AE8-0E76C3BFB526}.Release|Any CPU.ActiveCfg = Release|Any CPU
		{3F401CDD-0C40-40C8-8AE8-0E76C3BFB526}.Release|Any CPU.Build.0 = Release|Any CPU
		{59389455-61C2-4FD5-BCE8-7C455AF25E52}.Debug|Any CPU.ActiveCfg = Debug|Any CPU
		{59389455-61C2-4FD5-BCE8-7C455AF25E52}.Debug|Any CPU.Build.0 = Debug|Any CPU
		{59389455-61C2-4FD5-BCE8-7C455AF25E52}.Release|Any CPU.ActiveCfg = Release|Any CPU
		{59389455-61C2-4FD5-BCE8-7C455AF25E52}.Release|Any CPU.Build.0 = Release|Any CPU
		{17270085-7B40-48AE-A734-3064CBC4CE6A}.Debug|Any CPU.ActiveCfg = Debug|Any CPU
		{17270085-7B40-48AE-A734-3064CBC4CE6A}.Debug|Any CPU.Build.0 = Debug|Any CPU
		{17270085-7B40-48AE-A734-3064CBC4CE6A}.Release|Any CPU.ActiveCfg = Release|Any CPU
		{17270085-7B40-48AE-A734-3064CBC4CE6A}.Release|Any CPU.Build.0 = Release|Any CPU
		{24B66158-6C22-4356-A3F0-3F05A9000D00}.Debug|Any CPU.ActiveCfg = Debug|Any CPU
		{24B66158-6C22-4356-A3F0-3F05A9000D00}.Debug|Any CPU.Build.0 = Debug|Any CPU
		{24B66158-6C22-4356-A3F0-3F05A9000D00}.Release|Any CPU.ActiveCfg = Release|Any CPU
		{24B66158-6C22-4356-A3F0-3F05A9000D00}.Release|Any CPU.Build.0 = Release|Any CPU
		{99C9535E-D541-41C4-9A9E-5DA168A1568F}.Debug|Any CPU.ActiveCfg = Debug|Any CPU
		{99C9535E-D541-41C4-9A9E-5DA168A1568F}.Debug|Any CPU.Build.0 = Debug|Any CPU
		{99C9535E-D541-41C4-9A9E-5DA168A1568F}.Release|Any CPU.ActiveCfg = Release|Any CPU
		{99C9535E-D541-41C4-9A9E-5DA168A1568F}.Release|Any CPU.Build.0 = Release|Any CPU
	EndGlobalSection
	GlobalSection(SolutionProperties) = preSolution
		HideSolutionNode = FALSE
	EndGlobalSection
EndGlobal
