
Microsoft Visual Studio Solution File, Format Version 12.00
# Visual Studio 15
VisualStudioVersion = 15.0.26430.16
MinimumVisualStudioVersion = 10.0.40219.1
Project("{FAE04EC0-301F-11D3-BF4B-00C04F79EFBC}") = "OOP", "OOP\OOP.csproj", "{970522FA-705A-41D0-83AB-D52DF2E408A5}"
EndProject
Project("{FAE04EC0-301F-11D3-BF4B-00C04F79EFBC}") = "DefiningClassesPartTwo", "DefiningClassesPartTwo\DefiningClassesPartTwo.csproj", "{C3637758-23C1-42A7-9BEF-113B14DD82E6}"
EndProject
Global
	GlobalSection(SolutionConfigurationPlatforms) = preSolution
		Debug|Any CPU = Debug|Any CPU
		Release|Any CPU = Release|Any CPU
	EndGlobalSection
	GlobalSection(ProjectConfigurationPlatforms) = postSolution
		{970522FA-705A-41D0-83AB-D52DF2E408A5}.Debug|Any CPU.ActiveCfg = Debug|Any CPU
		{970522FA-705A-41D0-83AB-D52DF2E408A5}.Debug|Any CPU.Build.0 = Debug|Any CPU
		{970522FA-705A-41D0-83AB-D52DF2E408A5}.Release|Any CPU.ActiveCfg = Release|Any CPU
		{970522FA-705A-41D0-83AB-D52DF2E408A5}.Release|Any CPU.Build.0 = Release|Any CPU
		{C3637758-23C1-42A7-9BEF-113B14DD82E6}.Debug|Any CPU.ActiveCfg = Debug|Any CPU
		{C3637758-23C1-42A7-9BEF-113B14DD82E6}.Debug|Any CPU.Build.0 = Debug|Any CPU
		{C3637758-23C1-42A7-9BEF-113B14DD82E6}.Release|Any CPU.ActiveCfg = Release|Any CPU
		{C3637758-23C1-42A7-9BEF-113B14DD82E6}.Release|Any CPU.Build.0 = Release|Any CPU
	EndGlobalSection
	GlobalSection(SolutionProperties) = preSolution
		HideSolutionNode = FALSE
	EndGlobalSection
EndGlobal
