
Microsoft Visual Studio Solution File, Format Version 12.00
# Visual Studio 15
VisualStudioVersion = 15.0.26430.16
MinimumVisualStudioVersion = 10.0.40219.1
Project("{FAE04EC0-301F-11D3-BF4B-00C04F79EFBC}") = "HomeworkNine", "HomeworkNine\HomeworkNine.csproj", "{538055FC-8083-4207-9327-1F171A1DA98D}"
EndProject
Project("{FAE04EC0-301F-11D3-BF4B-00C04F79EFBC}") = "SchoolClasses", "SchoolClasses\SchoolClasses.csproj", "{94B28F62-004E-465E-815E-3EF2430AFE24}"
EndProject
Project("{FAE04EC0-301F-11D3-BF4B-00C04F79EFBC}") = "StudentsAndWorkers", "StudentsAndWorkers\StudentsAndWorkers.csproj", "{F31F148B-4CF1-40BA-A862-BBEDC76B371F}"
EndProject
Project("{FAE04EC0-301F-11D3-BF4B-00C04F79EFBC}") = "AnimalHierarchy", "AnimalHierarchy\AnimalHierarchy.csproj", "{011EC5AB-312D-4450-8C9E-CBF9F987F300}"
EndProject
Global
	GlobalSection(SolutionConfigurationPlatforms) = preSolution
		Debug|Any CPU = Debug|Any CPU
		Release|Any CPU = Release|Any CPU
	EndGlobalSection
	GlobalSection(ProjectConfigurationPlatforms) = postSolution
		{538055FC-8083-4207-9327-1F171A1DA98D}.Debug|Any CPU.ActiveCfg = Debug|Any CPU
		{538055FC-8083-4207-9327-1F171A1DA98D}.Debug|Any CPU.Build.0 = Debug|Any CPU
		{538055FC-8083-4207-9327-1F171A1DA98D}.Release|Any CPU.ActiveCfg = Release|Any CPU
		{538055FC-8083-4207-9327-1F171A1DA98D}.Release|Any CPU.Build.0 = Release|Any CPU
		{94B28F62-004E-465E-815E-3EF2430AFE24}.Debug|Any CPU.ActiveCfg = Debug|Any CPU
		{94B28F62-004E-465E-815E-3EF2430AFE24}.Debug|Any CPU.Build.0 = Debug|Any CPU
		{94B28F62-004E-465E-815E-3EF2430AFE24}.Release|Any CPU.ActiveCfg = Release|Any CPU
		{94B28F62-004E-465E-815E-3EF2430AFE24}.Release|Any CPU.Build.0 = Release|Any CPU
		{F31F148B-4CF1-40BA-A862-BBEDC76B371F}.Debug|Any CPU.ActiveCfg = Debug|Any CPU
		{F31F148B-4CF1-40BA-A862-BBEDC76B371F}.Debug|Any CPU.Build.0 = Debug|Any CPU
		{F31F148B-4CF1-40BA-A862-BBEDC76B371F}.Release|Any CPU.ActiveCfg = Release|Any CPU
		{F31F148B-4CF1-40BA-A862-BBEDC76B371F}.Release|Any CPU.Build.0 = Release|Any CPU
		{011EC5AB-312D-4450-8C9E-CBF9F987F300}.Debug|Any CPU.ActiveCfg = Debug|Any CPU
		{011EC5AB-312D-4450-8C9E-CBF9F987F300}.Debug|Any CPU.Build.0 = Debug|Any CPU
		{011EC5AB-312D-4450-8C9E-CBF9F987F300}.Release|Any CPU.ActiveCfg = Release|Any CPU
		{011EC5AB-312D-4450-8C9E-CBF9F987F300}.Release|Any CPU.Build.0 = Release|Any CPU
	EndGlobalSection
	GlobalSection(SolutionProperties) = preSolution
		HideSolutionNode = FALSE
	EndGlobalSection
EndGlobal
