
Microsoft Visual Studio Solution File, Format Version 12.00
# Visual Studio 15
VisualStudioVersion = 15.0.26430.16
MinimumVisualStudioVersion = 10.0.40219.1
Project("{FAE04EC0-301F-11D3-BF4B-00C04F79EFBC}") = "OOP", "OOP\OOP.csproj", "{493D52EF-7651-4684-9E1D-B65CDEEA859E}"
EndProject
Project("{FAE04EC0-301F-11D3-BF4B-00C04F79EFBC}") = "DefiningClasses", "DefiningClasses\DefiningClasses.csproj", "{AA2AADEA-9DA6-4805-8F6D-C9F469A26858}"
EndProject
Global
	GlobalSection(SolutionConfigurationPlatforms) = preSolution
		Debug|Any CPU = Debug|Any CPU
		Release|Any CPU = Release|Any CPU
	EndGlobalSection
	GlobalSection(ProjectConfigurationPlatforms) = postSolution
		{493D52EF-7651-4684-9E1D-B65CDEEA859E}.Debug|Any CPU.ActiveCfg = Debug|Any CPU
		{493D52EF-7651-4684-9E1D-B65CDEEA859E}.Debug|Any CPU.Build.0 = Debug|Any CPU
		{493D52EF-7651-4684-9E1D-B65CDEEA859E}.Release|Any CPU.ActiveCfg = Release|Any CPU
		{493D52EF-7651-4684-9E1D-B65CDEEA859E}.Release|Any CPU.Build.0 = Release|Any CPU
		{AA2AADEA-9DA6-4805-8F6D-C9F469A26858}.Debug|Any CPU.ActiveCfg = Debug|Any CPU
		{AA2AADEA-9DA6-4805-8F6D-C9F469A26858}.Debug|Any CPU.Build.0 = Debug|Any CPU
		{AA2AADEA-9DA6-4805-8F6D-C9F469A26858}.Release|Any CPU.ActiveCfg = Release|Any CPU
		{AA2AADEA-9DA6-4805-8F6D-C9F469A26858}.Release|Any CPU.Build.0 = Release|Any CPU
	EndGlobalSection
	GlobalSection(SolutionProperties) = preSolution
		HideSolutionNode = FALSE
	EndGlobalSection
EndGlobal
